
Microsoft Visual Studio Solution File, Format Version 12.00
# Visual Studio Version 16
VisualStudioVersion = 16.0.30523.141
MinimumVisualStudioVersion = 10.0.40219.1
Project("{FAE04EC0-301F-11D3-BF4B-00C04F79EFBC}") = "Metric_Conversion", "Metric_Conversion\Metric_Conversion.csproj", "{D09D763C-D680-4E04-96E6-D2E9ED043F57}"
EndProject
Global
	GlobalSection(SolutionConfigurationPlatforms) = preSolution
		Debug|Any CPU = Debug|Any CPU
		Release|Any CPU = Release|Any CPU
	EndGlobalSection
	GlobalSection(ProjectConfigurationPlatforms) = postSolution
		{D09D763C-D680-4E04-96E6-D2E9ED043F57}.Debug|Any CPU.ActiveCfg = Debug|Any CPU
		{D09D763C-D680-4E04-96E6-D2E9ED043F57}.Debug|Any CPU.Build.0 = Debug|Any CPU
		{D09D763C-D680-4E04-96E6-D2E9ED043F57}.Release|Any CPU.ActiveCfg = Release|Any CPU
		{D09D763C-D680-4E04-96E6-D2E9ED043F57}.Release|Any CPU.Build.0 = Release|Any CPU
	EndGlobalSection
	GlobalSection(SolutionProperties) = preSolution
		HideSolutionNode = FALSE
	EndGlobalSection
	GlobalSection(ExtensibilityGlobals) = postSolution
		SolutionGuid = {AE5F1430-6576-4EDC-B2B0-087318BCE027}
	EndGlobalSection
EndGlobal
